// !$*UTF8*$!
{
	archiveVersion = 1;
	classes = {
	};
	objectVersion = 48;
	objects = {

/* Begin PBXBuildFile section */
		C78E5D5C1FBA91E400055356 /* AppDelegate.swift in Sources */ = {isa = PBXBuildFile; fileRef = C78E5D5B1FBA91E400055356 /* AppDelegate.swift */; };
		C78E5D5E1FBA91E400055356 /* ViewController.swift in Sources */ = {isa = PBXBuildFile; fileRef = C78E5D5D1FBA91E400055356 /* ViewController.swift */; };
		C78E5D611FBA91E400055356 /* Main.storyboard in Resources */ = {isa = PBXBuildFile; fileRef = C78E5D5F1FBA91E400055356 /* Main.storyboard */; };
		C78E5D631FBA91E400055356 /* Assets.xcassets in Resources */ = {isa = PBXBuildFile; fileRef = C78E5D621FBA91E400055356 /* Assets.xcassets */; };
		C78E5D661FBA91E400055356 /* LaunchScreen.storyboard in Resources */ = {isa = PBXBuildFile; fileRef = C78E5D641FBA91E400055356 /* LaunchScreen.storyboard */; };
		C78E5D701FBABD0900055356 /* JJWaterMarkLabel.swift in Sources */ = {isa = PBXBuildFile; fileRef = C78E5D6F1FBABD0900055356 /* JJWaterMarkLabel.swift */; };
/* End PBXBuildFile section */

/* Begin PBXFileReference section */
		C78E5D581FBA91E400055356 /* WaterMarkDemo.app */ = {isa = PBXFileReference; explicitFileType = wrapper.application; includeInIndex = 0; path = WaterMarkDemo.app; sourceTree = BUILT_PRODUCTS_DIR; };
		C78E5D5B1FBA91E400055356 /* AppDelegate.swift */ = {isa = PBXFileReference; lastKnownFileType = sourcecode.swift; path = AppDelegate.swift; sourceTree = "<group>"; };
		C78E5D5D1FBA91E400055356 /* ViewController.swift */ = {isa = PBXFileReference; lastKnownFileType = sourcecode.swift; path = ViewController.swift; sourceTree = "<group>"; };
		C78E5D601FBA91E400055356 /* Base */ = {isa = PBXFileReference; lastKnownFileType = file.storyboard; name = Base; path = Base.lproj/Main.storyboard; sourceTree = "<group>"; };
		C78E5D621FBA91E400055356 /* Assets.xcassets */ = {isa = PBXFileReference; lastKnownFileType = folder.assetcatalog; path = Assets.xcassets; sourceTree = "<group>"; };
		C78E5D651FBA91E400055356 /* Base */ = {isa = PBXFileReference; lastKnownFileType = file.storyboard; name = Base; path = Base.lproj/LaunchScreen.storyboard; sourceTree = "<group>"; };
		C78E5D671FBA91E400055356 /* Info.plist */ = {isa = PBXFileReference; lastKnownFileType = text.plist.xml; path = Info.plist; sourceTree = "<group>"; };
		C78E5D6F1FBABD0900055356 /* JJWaterMarkLabel.swift */ = {isa = PBXFileReference; lastKnownFileType = sourcecode.swift; path = JJWaterMarkLabel.swift; sourceTree = "<group>"; };
/* End PBXFileReference section */

/* Begin PBXFrameworksBuildPhase section */
		C78E5D551FBA91E400055356 /* Frameworks */ = {
			isa = PBXFrameworksBuildPhase;
			buildActionMask = 2147483647;
			files = (
			);
			runOnlyForDeploymentPostprocessing = 0;
		};
/* End PBXFrameworksBuildPhase section */

/* Begin PBXGroup section */
		C78E5D4F1FBA91E400055356 = {
			isa = PBXGroup;
			children = (
				C78E5D5A1FBA91E400055356 /* WaterMarkDemo */,
				C78E5D591FBA91E400055356 /* Products */,
			);
			sourceTree = "<group>";
		};
		C78E5D591FBA91E400055356 /* Products */ = {
			isa = PBXGroup;
			children = (
				C78E5D581FBA91E400055356 /* WaterMarkDemo.app */,
			);
			name = Products;
			sourceTree = "<group>";
		};
		C78E5D5A1FBA91E400055356 /* WaterMarkDemo */ = {
			isa = PBXGroup;
			children = (
				C78E5D5B1FBA91E400055356 /* AppDelegate.swift */,
				C78E5D5D1FBA91E400055356 /* ViewController.swift */,
				C78E5D6F1FBABD0900055356 /* JJWaterMarkLabel.swift */,
				C78E5D5F1FBA91E400055356 /* Main.storyboard */,
				C78E5D621FBA91E400055356 /* Assets.xcassets */,
				C78E5D641FBA91E400055356 /* LaunchScreen.storyboard */,
				C78E5D671FBA91E400055356 /* Info.plist */,
			);
			path = WaterMarkDemo;
			sourceTree = "<group>";
		};
/* End PBXGroup section */

/* Begin PBXNativeTarget section */
		C78E5D571FBA91E400055356 /* WaterMarkDemo */ = {
			isa = PBXNativeTarget;
			buildConfigurationList = C78E5D6A1FBA91E400055356 /* Build configuration list for PBXNativeTarget "WaterMarkDemo" */;
			buildPhases = (
				C78E5D541FBA91E400055356 /* Sources */,
				C78E5D551FBA91E400055356 /* Frameworks */,
				C78E5D561FBA91E400055356 /* Resources */,
			);
			buildRules = (
			);
			dependencies = (
			);
			name = WaterMarkDemo;
			productName = WaterMarkDemo;
			productReference = C78E5D581FBA91E400055356 /* WaterMarkDemo.app */;
			productType = "com.apple.product-type.application";
		};
/* End PBXNativeTarget section */

/* Begin PBXProject section */
		C78E5D501FBA91E400055356 /* Project object */ = {
			isa = PBXProject;
			attributes = {
				LastSwiftUpdateCheck = 0910;
				LastUpgradeCheck = 0910;
				ORGANIZATIONNAME = Mr.JJ;
				TargetAttributes = {
					C78E5D571FBA91E400055356 = {
						CreatedOnToolsVersion = 9.1;
						ProvisioningStyle = Automatic;
					};
				};
			};
			buildConfigurationList = C78E5D531FBA91E400055356 /* Build configuration list for PBXProject "WaterMarkDemo" */;
			compatibilityVersion = "Xcode 8.0";
			developmentRegion = en;
			hasScannedForEncodings = 0;
			knownRegions = (
				en,
				Base,
			);
			mainGroup = C78E5D4F1FBA91E400055356;
			productRefGroup = C78E5D591FBA91E400055356 /* Products */;
			projectDirPath = "";
			projectRoot = "";
			targets = (
				C78E5D571FBA91E400055356 /* WaterMarkDemo */,
			);
		};
/* End PBXProject section */

/* Begin PBXResourcesBuildPhase section */
		C78E5D561FBA91E400055356 /* Resources */ = {
			isa = PBXResourcesBuildPhase;
			buildActionMask = 2147483647;
			files = (
				C78E5D661FBA91E400055356 /* LaunchScreen.storyboard in Resources */,
				C78E5D631FBA91E400055356 /* Assets.xcassets in Resources */,
				C78E5D611FBA91E400055356 /* Main.storyboard in Resources */,
			);
			runOnlyForDeploymentPostprocessing = 0;
		};
/* End PBXResourcesBuildPhase section */

/* Begin PBXSourcesBuildPhase section */
		C78E5D541FBA91E400055356 /* Sources */ = {
			isa = PBXSourcesBuildPhase;
			buildActionMask = 2147483647;
			files = (
				C78E5D5E1FBA91E400055356 /* ViewController.swift in Sources */,
				C78E5D5C1FBA91E400055356 /* AppDelegate.swift in Sources */,
				C78E5D701FBABD0900055356 /* JJWaterMarkLabel.swift in Sources */,
			);
			runOnlyForDeploymentPostprocessing = 0;
		};
/* End PBXSourcesBuildPhase section */

/* Begin PBXVariantGroup section */
		C78E5D5F1FBA91E400055356 /* Main.storyboard */ = {
			isa = PBXVariantGroup;
			children = (
				C78E5D601FBA91E400055356 /* Base */,
			);
			name = Main.storyboard;
			sourceTree = "<group>";
		};
		C78E5D641FBA91E400055356 /* LaunchScreen.storyboard */ = {
			isa = PBXVariantGroup;
			children = (
				C78E5D651FBA91E400055356 /* Base */,
			);
			name = LaunchScreen.storyboard;
			sourceTree = "<group>";
		};
/* End PBXVariantGroup section */

/* Begin XCBuildConfiguration section */
		C78E5D681FBA91E400055356 /* Debug */ = {
			isa = XCBuildConfiguration;
			buildSettings = {
				ALWAYS_SEARCH_USER_PATHS = NO;
				CLANG_ANALYZER_NONNULL = YES;
				CLANG_ANALYZER_NUMBER_OBJECT_CONVERSION = YES_AGGRESSIVE;
				CLANG_CXX_LANGUAGE_STANDARD = "gnu++14";
				CLANG_CXX_LIBRARY = "libc++";
				CLANG_ENABLE_MODULES = YES;
				CLANG_ENABLE_OBJC_ARC = YES;
				CLANG_WARN_BLOCK_CAPTURE_AUTORELEASING = YES;
				CLANG_WARN_BOOL_CONVERSION = YES;
				CLANG_WARN_COMMA = YES;
				CLANG_WARN_CONSTANT_CONVERSION = YES;
				CLANG_WARN_DIRECT_OBJC_ISA_USAGE = YES_ERROR;
				CLANG_WARN_DOCUMENTATION_COMMENTS = YES;
				CLANG_WARN_EMPTY_BODY = YES;
				CLANG_WARN_ENUM_CONVERSION = YES;
				CLANG_WARN_INFINITE_RECURSION = YES;
				CLANG_WARN_INT_CONVERSION = YES;
				CLANG_WARN_NON_LITERAL_NULL_CONVERSION = YES;
				CLANG_WARN_OBJC_LITERAL_CONVERSION = YES;
				CLANG_WARN_OBJC_ROOT_CLASS = YES_ERROR;
				CLANG_WARN_RANGE_LOOP_ANALYSIS = YES;
				CLANG_WARN_STRICT_PROTOTYPES = YES;
				CLANG_WARN_SUSPICIOUS_MOVE = YES;
				CLANG_WARN_UNGUARDED_AVAILABILITY = YES_AGGRESSIVE;
				CLANG_WARN_UNREACHABLE_CODE = YES;
				CLANG_WARN__DUPLICATE_METHOD_MATCH = YES;
				CODE_SIGN_IDENTITY = "iPhone Developer";
				COPY_PHASE_STRIP = NO;
				DEBUG_INFORMATION_FORMAT = dwarf;
				ENABLE_STRICT_OBJC_MSGSEND = YES;
				ENABLE_TESTABILITY = YES;
				GCC_C_LANGUAGE_STANDARD = gnu11;
				GCC_DYNAMIC_NO_PIC = NO;
				GCC_NO_COMMON_BLOCKS = YES;
				GCC_OPTIMIZATION_LEVEL = 0;
				GCC_PREPROCESSOR_DEFINITIONS = (
					"DEBUG=1",
					"$(inherited)",
				);
				GCC_WARN_64_TO_32_BIT_CONVERSION = YES;
				GCC_WARN_ABOUT_RETURN_TYPE = YES_ERROR;
				GCC_WARN_UNDECLARED_SELECTOR = YES;
				GCC_WARN_UNINITIALIZED_AUTOS = YES_AGGRESSIVE;
				GCC_WARN_UNUSED_FUNCTION = YES;
				GCC_WARN_UNUSED_VARIABLE = YES;
				IPHONEOS_DEPLOYMENT_TARGET = 11.1;
				MTL_ENABLE_DEBUG_INFO = YES;
				ONLY_ACTIVE_ARCH = YES;
				SDKROOT = iphoneos;
				SWIFT_ACTIVE_COMPILATION_CONDITIONS = DEBUG;
				SWIFT_OPTIMIZATION_LEVEL = "-Onone";
			};
			name = Debug;
		};
		C78E5D691FBA91E400055356 /* Release */ = {
			isa = XCBuildConfiguration;
			buildSettings = {
				ALWAYS_SEARCH_USER_PATHS = NO;
				CLANG_ANALYZER_NONNULL = YES;
				CLANG_ANALYZER_NUMBER_OBJECT_CONVERSION = YES_AGGRESSIVE;
				CLANG_CXX_LANGUAGE_STANDARD = "gnu++14";
				CLANG_CXX_LIBRARY = "libc++";
				CLANG_ENABLE_MODULES = YES;
				CLANG_ENABLE_OBJC_ARC = YES;
				CLANG_WARN_BLOCK_CAPTURE_AUTORELEASING = YES;
				CLANG_WARN_BOOL_CONVERSION = YES;
				CLANG_WARN_COMMA = YES;
				CLANG_WARN_CONSTANT_CONVERSION = YES;
				CLANG_WARN_DIRECT_OBJC_ISA_USAGE = YES_ERROR;
				CLANG_WARN_DOCUMENTATION_COMMENTS = YES;
				CLANG_WARN_EMPTY_BODY = YES;
				CLANG_WARN_ENUM_CONVERSION = YES;
				CLANG_WARN_INFINITE_RECURSION = YES;
				CLANG_WARN_INT_CONVERSION = YES;
				CLANG_WARN_NON_LITERAL_NULL_CONVERSION = YES;
				CLANG_WARN_OBJC_LITERAL_CONVERSION = YES;
				CLANG_WARN_OBJC_ROOT_CLASS = YES_ERROR;
				CLANG_WARN_RANGE_LOOP_ANALYSIS = YES;
				CLANG_WARN_STRICT_PROTOTYPES = YES;
				CLANG_WARN_SUSPICIOUS_MOVE = YES;
				CLANG_WARN_UNGUARDED_AVAILABILITY = YES_AGGRESSIVE;
				CLANG_WARN_UNREACHABLE_CODE = YES;
				CLANG_WARN__DUPLICATE_METHOD_MATCH = YES;
				CODE_SIGN_IDENTITY = "iPhone Developer";
				COPY_PHASE_STRIP = NO;
				DEBUG_INFORMATION_FORMAT = "dwarf-with-dsym";
				ENABLE_NS_ASSERTIONS = NO;
				ENABLE_STRICT_OBJC_MSGSEND = YES;
				GCC_C_LANGUAGE_STANDARD = gnu11;
				GCC_NO_COMMON_BLOCKS = YES;
				GCC_WARN_64_TO_32_BIT_CONVERSION = YES;
				GCC_WARN_ABOUT_RETURN_TYPE = YES_ERROR;
				GCC_WARN_UNDECLARED_SELECTOR = YES;
				GCC_WARN_UNINITIALIZED_AUTOS = YES_AGGRESSIVE;
				GCC_WARN_UNUSED_FUNCTION = YES;
				GCC_WARN_UNUSED_VARIABLE = YES;
				IPHONEOS_DEPLOYMENT_TARGET = 11.1;
				MTL_ENABLE_DEBUG_INFO = NO;
				SDKROOT = iphoneos;
				SWIFT_OPTIMIZATION_LEVEL = "-Owholemodule";
				VALIDATE_PRODUCT = YES;
			};
			name = Release;
		};
		C78E5D6B1FBA91E400055356 /* Debug */ = {
			isa = XCBuildConfiguration;
			buildSettings = {
				ASSETCATALOG_COMPILER_APPICON_NAME = AppIcon;
				CODE_SIGN_STYLE = Automatic;
				DEVELOPMENT_TEAM = RAT87H825N;
				INFOPLIST_FILE = WaterMarkDemo/Info.plist;
				LD_RUNPATH_SEARCH_PATHS = "$(inherited) @executable_path/Frameworks";
				PRODUCT_BUNDLE_IDENTIFIER = com.jj.WaterMarkDemo;
				PRODUCT_NAME = "$(TARGET_NAME)";
				SWIFT_VERSION = 4.0;
				TARGETED_DEVICE_FAMILY = "1,2";
			};
			name = Debug;
		};
		C78E5D6C1FBA91E400055356 /* Release */ = {
			isa = XCBuildConfiguration;
			buildSettings = {
				ASSETCATALOG_COMPILER_APPICON_NAME = AppIcon;
				CODE_SIGN_STYLE = Automatic;
				DEVELOPMENT_TEAM = RAT87H825N;
				INFOPLIST_FILE = WaterMarkDemo/Info.plist;
				LD_RUNPATH_SEARCH_PATHS = "$(inherited) @executable_path/Frameworks";
				PRODUCT_BUNDLE_IDENTIFIER = com.jj.WaterMarkDemo;
				PRODUCT_NAME = "$(TARGET_NAME)";
				SWIFT_VERSION = 4.0;
				TARGETED_DEVICE_FAMILY = "1,2";
			};
			name = Release;
		};
/* End XCBuildConfiguration section */

/* Begin XCConfigurationList section */
		C78E5D531FBA91E400055356 /* Build configuration list for PBXProject "WaterMarkDemo" */ = {
			isa = XCConfigurationList;
			buildConfigurations = (
				C78E5D681FBA91E400055356 /* Debug */,
				C78E5D691FBA91E400055356 /* Release */,
			);
			defaultConfigurationIsVisible = 0;
			defaultConfigurationName = Release;
		};
		C78E5D6A1FBA91E400055356 /* Build configuration list for PBXNativeTarget "WaterMarkDemo" */ = {
			isa = XCConfigurationList;
			buildConfigurations = (
				C78E5D6B1FBA91E400055356 /* Debug */,
				C78E5D6C1FBA91E400055356 /* Release */,
			);
			defaultConfigurationIsVisible = 0;
			defaultConfigurationName = Release;
		};
/* End XCConfigurationList section */
	};
	rootObject = C78E5D501FBA91E400055356 /* Project object */;
}
